annotated-doc==0.0.5
annotated-types==0.8.0
anyio==4.14.2
certifi==2026.7.22
click==8.4.2
contourpy==1.3.3
cycler==0.12.1
fastapi==0.128.8
fonttools==4.63.0
h11==0.16.0
httpcore==1.0.9
httpx==0.28.1
idna==3.19
iniconfig==2.3.0
joblib==1.5.3
kiwisolver==1.5.0
matplotlib==3.10.9
numpy==2.4.6
packaging==26.3
pandas==2.3.3
pillow==11.3.0
pluggy==1.6.0
pydantic==2.11.10
pydantic_core==2.33.2
Pygments==2.21.0
pyparsing==3.3.2
pytest==8.4.2
python-dateutil==2.9.0.post0
python-multipart==0.0.32
pytz==2026.3.post1
ruff==0.13.3
scikit-learn==1.7.2
scipy==1.16.3
seaborn==0.13.2
setuptools==84.0.0
six==1.17.0
starlette==0.52.1
threadpoolctl==3.6.0
tqdm==4.70.0
typing-inspection==0.4.4
typing_extensions==4.16.0
tzdata==2026.3
uvicorn==0.35.0
wheel==0.48.0
-e git+https://github.com/ddevatha1/xstep-ml.git@ca88112fd55c26d9687f35bfd9ba3ea8279e3d39#egg=xstep_ml
